
Microsoft Visual Studio Solution File, Format Version 12.00
# Visual Studio Version 16
VisualStudioVersion = 16.0.30523.141
MinimumVisualStudioVersion = 10.0.40219.1
Project("{2150E333-8FDC-42A3-9474-1A3956D46DE8}") = "Solition Items", "Solition Items", "{4EED3D0F-A3F1-4642-8D46-CD35A19A9157}"
EndProject
Project("{2150E333-8FDC-42A3-9474-1A3956D46DE8}") = "src", "src", "{D8DD3142-FC6A-420F-AF6F-9A794DBD85FD}"
EndProject
Project("{2150E333-8FDC-42A3-9474-1A3956D46DE8}") = "tests", "tests", "{D87970C0-BEA2-44D7-AF6F-687300D7F352}"
EndProject
Project("{2150E333-8FDC-42A3-9474-1A3956D46DE8}") = "Services", "Services", "{CF155806-531E-4F17-94DA-7AC511B8F8D8}"
EndProject
Project("{2150E333-8FDC-42A3-9474-1A3956D46DE8}") = "Contacting", "Contacting", "{D4E64D2B-B57F-4E1D-BA92-063FE17B43BD}"
EndProject
Project("{2150E333-8FDC-42A3-9474-1A3956D46DE8}") = "tests", "tests", "{4C7C1CC2-332F-44BC-827F-8DDB73A52C88}"
EndProject
Project("{9A19103F-16F7-4668-BE54-9A1E7A4F7556}") = "Contacting.API", "Services\Contacting\Contacting.API\Contacting.API.csproj", "{12548141-F123-4677-8672-F5B54EC80DFD}"
EndProject
Project("{2150E333-8FDC-42A3-9474-1A3956D46DE8}") = "BuildingBlocks", "BuildingBlocks", "{305E5AAE-9053-441B-8305-A47EAE872F77}"
EndProject
Project("{9A19103F-16F7-4668-BE54-9A1E7A4F7556}") = "Contacting.Application", "Services\Contacting\Contacting.Application\Contacting.Application.csproj", "{A1362FF9-6B3F-4568-B7B9-133632DF0B07}"
EndProject
Project("{9A19103F-16F7-4668-BE54-9A1E7A4F7556}") = "Contacting.Domain", "Services\Contacting\Contacting.Domain\Contacting.Domain.csproj", "{239DA834-5AF4-42C8-8E7C-31B49B6F82D4}"
EndProject
Project("{9A19103F-16F7-4668-BE54-9A1E7A4F7556}") = "Contacting.Infrastructure", "Services\Contacting\Contacting.Infrastructure\Contacting.Infrastructure.csproj", "{0AE722C3-098B-4C0C-8E84-920A6506D595}"
EndProject
Project("{9A19103F-16F7-4668-BE54-9A1E7A4F7556}") = "Contacting.UnitTests", "Services\Contacting\Tests\Contacting.UnitTests\Contacting.UnitTests.csproj", "{89BC16B1-D4BA-492E-84CB-C93B90EC4516}"
EndProject
Project("{9A19103F-16F7-4668-BE54-9A1E7A4F7556}") = "Contacting.FunctionalTests", "Services\Contacting\Tests\Contacting.FunctionalTests\Contacting.FunctionalTests.csproj", "{A57E1CF4-2286-419D-A615-7C320EB5E50B}"
EndProject
Project("{9A19103F-16F7-4668-BE54-9A1E7A4F7556}") = "Contacting.Domain.Shared", "Services\Contacting\Contacting.Core\Contacting.Domain.Shared.csproj", "{477A468D-C455-44E4-8DB7-A01685574DEC}"
EndProject
Project("{9A19103F-16F7-4668-BE54-9A1E7A4F7556}") = "Utility", "BuildingBlocks\Utility\Utility.csproj", "{A2DB53DA-0539-4630-981F-6EA3C27F2252}"
EndProject
Project("{9A19103F-16F7-4668-BE54-9A1E7A4F7556}") = "Contacting.Dto", "Services\Contacting\Contacting.Dto\Contacting.Dto.csproj", "{1999D2F2-5D02-4303-B614-7E5313F60E28}"
EndProject
Project("{2150E333-8FDC-42A3-9474-1A3956D46DE8}") = "Reporting", "Reporting", "{4D7A1966-B394-4E49-816F-EAB1C3903231}"
EndProject
Project("{9A19103F-16F7-4668-BE54-9A1E7A4F7556}") = "Reporting.API", "Services\Reporting\Reporting.API\Reporting.API.csproj", "{FAF82DB0-6863-4659-A340-DE2F5DCC1951}"
EndProject
Project("{9A19103F-16F7-4668-BE54-9A1E7A4F7556}") = "Reporting.Application", "Services\Reporting\Reporting.Application\Reporting.Application.csproj", "{FA0C0B6F-4C72-490A-A0E4-00B05F17898C}"
EndProject
Project("{9A19103F-16F7-4668-BE54-9A1E7A4F7556}") = "Reporting.Application.Shared", "Services\Reporting\Reporting.Application.Shared\Reporting.Application.Shared.csproj", "{52467CE0-4F95-45D1-9504-9D21A8F3D6C6}"
EndProject
Project("{9A19103F-16F7-4668-BE54-9A1E7A4F7556}") = "Reporting.Core", "Services\Reporting\Reporting.Core\Reporting.Core.csproj", "{A1C258A5-5D94-47FF-A41C-2F8FD211EEE1}"
EndProject
Project("{9A19103F-16F7-4668-BE54-9A1E7A4F7556}") = "Reporting.Core.Shared", "Services\Reporting\Reporting.Core.Shared\Reporting.Core.Shared.csproj", "{FB5C0E93-335B-4A36-B01A-AFB05AE76FE3}"
EndProject
Project("{9A19103F-16F7-4668-BE54-9A1E7A4F7556}") = "Reporting.MongoDb", "Services\Reporting\Reporting.MongoDb\Reporting.MongoDb.csproj", "{8A4912A9-CC14-4F47-9490-666DD10DE1CA}"
EndProject
Project("{9A19103F-16F7-4668-BE54-9A1E7A4F7556}") = "Reporting.MongoDb.Shared", "Services\Reporting\Reporting.MongoDb.Shared\Reporting.MongoDb.Shared.csproj", "{D977E49E-BB98-4F4D-B305-2B2ABDA85998}"
EndProject
Project("{2150E333-8FDC-42A3-9474-1A3956D46DE8}") = "tests", "tests", "{90CEFD0D-C681-4DC7-9EF5-DE39CA4010ED}"
EndProject
Project("{9A19103F-16F7-4668-BE54-9A1E7A4F7556}") = "Reporting.UnitTests", "Services\Reporting\Tests\Reporting.UnitTests\Reporting.UnitTests.csproj", "{455F5E7D-3B34-4447-864C-5970B22555EC}"
EndProject
Project("{9A19103F-16F7-4668-BE54-9A1E7A4F7556}") = "Reporting.FunctionalTests", "Services\Reporting\Tests\Reporting.FunctionalTests\Reporting.FunctionalTests.csproj", "{2F66C87C-2421-48FC-84BD-94A25073E302}"
EndProject
Global
	GlobalSection(SolutionConfigurationPlatforms) = preSolution
		Debug|Any CPU = Debug|Any CPU
		Debug|x86 = Debug|x86
		Release|Any CPU = Release|Any CPU
		Release|x86 = Release|x86
	EndGlobalSection
	GlobalSection(ProjectConfigurationPlatforms) = postSolution
		{12548141-F123-4677-8672-F5B54EC80DFD}.Debug|Any CPU.ActiveCfg = Debug|Any CPU
		{12548141-F123-4677-8672-F5B54EC80DFD}.Debug|Any CPU.Build.0 = Debug|Any CPU
		{12548141-F123-4677-8672-F5B54EC80DFD}.Debug|x86.ActiveCfg = Debug|Any CPU
		{12548141-F123-4677-8672-F5B54EC80DFD}.Debug|x86.Build.0 = Debug|Any CPU
		{12548141-F123-4677-8672-F5B54EC80DFD}.Release|Any CPU.ActiveCfg = Release|Any CPU
		{12548141-F123-4677-8672-F5B54EC80DFD}.Release|Any CPU.Build.0 = Release|Any CPU
		{12548141-F123-4677-8672-F5B54EC80DFD}.Release|x86.ActiveCfg = Release|Any CPU
		{12548141-F123-4677-8672-F5B54EC80DFD}.Release|x86.Build.0 = Release|Any CPU
		{A1362FF9-6B3F-4568-B7B9-133632DF0B07}.Debug|Any CPU.ActiveCfg = Debug|Any CPU
		{A1362FF9-6B3F-4568-B7B9-133632DF0B07}.Debug|Any CPU.Build.0 = Debug|Any CPU
		{A1362FF9-6B3F-4568-B7B9-133632DF0B07}.Debug|x86.ActiveCfg = Debug|Any CPU
		{A1362FF9-6B3F-4568-B7B9-133632DF0B07}.Debug|x86.Build.0 = Debug|Any CPU
		{A1362FF9-6B3F-4568-B7B9-133632DF0B07}.Release|Any CPU.ActiveCfg = Release|Any CPU
		{A1362FF9-6B3F-4568-B7B9-133632DF0B07}.Release|Any CPU.Build.0 = Release|Any CPU
		{A1362FF9-6B3F-4568-B7B9-133632DF0B07}.Release|x86.ActiveCfg = Release|Any CPU
		{A1362FF9-6B3F-4568-B7B9-133632DF0B07}.Release|x86.Build.0 = Release|Any CPU
		{239DA834-5AF4-42C8-8E7C-31B49B6F82D4}.Debug|Any CPU.ActiveCfg = Debug|Any CPU
		{239DA834-5AF4-42C8-8E7C-31B49B6F82D4}.Debug|Any CPU.Build.0 = Debug|Any CPU
		{239DA834-5AF4-42C8-8E7C-31B49B6F82D4}.Debug|x86.ActiveCfg = Debug|Any CPU
		{239DA834-5AF4-42C8-8E7C-31B49B6F82D4}.Debug|x86.Build.0 = Debug|Any CPU
		{239DA834-5AF4-42C8-8E7C-31B49B6F82D4}.Release|Any CPU.ActiveCfg = Release|Any CPU
		{239DA834-5AF4-42C8-8E7C-31B49B6F82D4}.Release|Any CPU.Build.0 = Release|Any CPU
		{239DA834-5AF4-42C8-8E7C-31B49B6F82D4}.Release|x86.ActiveCfg = Release|Any CPU
		{239DA834-5AF4-42C8-8E7C-31B49B6F82D4}.Release|x86.Build.0 = Release|Any CPU
		{0AE722C3-098B-4C0C-8E84-920A6506D595}.Debug|Any CPU.ActiveCfg = Debug|Any CPU
		{0AE722C3-098B-4C0C-8E84-920A6506D595}.Debug|Any CPU.Build.0 = Debug|Any CPU
		{0AE722C3-098B-4C0C-8E84-920A6506D595}.Debug|x86.ActiveCfg = Debug|Any CPU
		{0AE722C3-098B-4C0C-8E84-920A6506D595}.Debug|x86.Build.0 = Debug|Any CPU
		{0AE722C3-098B-4C0C-8E84-920A6506D595}.Release|Any CPU.ActiveCfg = Release|Any CPU
		{0AE722C3-098B-4C0C-8E84-920A6506D595}.Release|Any CPU.Build.0 = Release|Any CPU
		{0AE722C3-098B-4C0C-8E84-920A6506D595}.Release|x86.ActiveCfg = Release|Any CPU
		{0AE722C3-098B-4C0C-8E84-920A6506D595}.Release|x86.Build.0 = Release|Any CPU
		{89BC16B1-D4BA-492E-84CB-C93B90EC4516}.Debug|Any CPU.ActiveCfg = Debug|Any CPU
		{89BC16B1-D4BA-492E-84CB-C93B90EC4516}.Debug|Any CPU.Build.0 = Debug|Any CPU
		{89BC16B1-D4BA-492E-84CB-C93B90EC4516}.Debug|x86.ActiveCfg = Debug|Any CPU
		{89BC16B1-D4BA-492E-84CB-C93B90EC4516}.Debug|x86.Build.0 = Debug|Any CPU
		{89BC16B1-D4BA-492E-84CB-C93B90EC4516}.Release|Any CPU.ActiveCfg = Release|Any CPU
		{89BC16B1-D4BA-492E-84CB-C93B90EC4516}.Release|Any CPU.Build.0 = Release|Any CPU
		{89BC16B1-D4BA-492E-84CB-C93B90EC4516}.Release|x86.ActiveCfg = Release|Any CPU
		{89BC16B1-D4BA-492E-84CB-C93B90EC4516}.Release|x86.Build.0 = Release|Any CPU
		{A57E1CF4-2286-419D-A615-7C320EB5E50B}.Debug|Any CPU.ActiveCfg = Debug|Any CPU
		{A57E1CF4-2286-419D-A615-7C320EB5E50B}.Debug|Any CPU.Build.0 = Debug|Any CPU
		{A57E1CF4-2286-419D-A615-7C320EB5E50B}.Debug|x86.ActiveCfg = Debug|Any CPU
		{A57E1CF4-2286-419D-A615-7C320EB5E50B}.Debug|x86.Build.0 = Debug|Any CPU
		{A57E1CF4-2286-419D-A615-7C320EB5E50B}.Release|Any CPU.ActiveCfg = Release|Any CPU
		{A57E1CF4-2286-419D-A615-7C320EB5E50B}.Release|Any CPU.Build.0 = Release|Any CPU
		{A57E1CF4-2286-419D-A615-7C320EB5E50B}.Release|x86.ActiveCfg = Release|Any CPU
		{A57E1CF4-2286-419D-A615-7C320EB5E50B}.Release|x86.Build.0 = Release|Any CPU
		{477A468D-C455-44E4-8DB7-A01685574DEC}.Debug|Any CPU.ActiveCfg = Debug|Any CPU
		{477A468D-C455-44E4-8DB7-A01685574DEC}.Debug|Any CPU.Build.0 = Debug|Any CPU
		{477A468D-C455-44E4-8DB7-A01685574DEC}.Debug|x86.ActiveCfg = Debug|Any CPU
		{477A468D-C455-44E4-8DB7-A01685574DEC}.Debug|x86.Build.0 = Debug|Any CPU
		{477A468D-C455-44E4-8DB7-A01685574DEC}.Release|Any CPU.ActiveCfg = Release|Any CPU
		{477A468D-C455-44E4-8DB7-A01685574DEC}.Release|Any CPU.Build.0 = Release|Any CPU
		{477A468D-C455-44E4-8DB7-A01685574DEC}.Release|x86.ActiveCfg = Release|Any CPU
		{477A468D-C455-44E4-8DB7-A01685574DEC}.Release|x86.Build.0 = Release|Any CPU
		{A2DB53DA-0539-4630-981F-6EA3C27F2252}.Debug|Any CPU.ActiveCfg = Debug|Any CPU
		{A2DB53DA-0539-4630-981F-6EA3C27F2252}.Debug|Any CPU.Build.0 = Debug|Any CPU
		{A2DB53DA-0539-4630-981F-6EA3C27F2252}.Debug|x86.ActiveCfg = Debug|Any CPU
		{A2DB53DA-0539-4630-981F-6EA3C27F2252}.Debug|x86.Build.0 = Debug|Any CPU
		{A2DB53DA-0539-4630-981F-6EA3C27F2252}.Release|Any CPU.ActiveCfg = Release|Any CPU
		{A2DB53DA-0539-4630-981F-6EA3C27F2252}.Release|Any CPU.Build.0 = Release|Any CPU
		{A2DB53DA-0539-4630-981F-6EA3C27F2252}.Release|x86.ActiveCfg = Release|Any CPU
		{A2DB53DA-0539-4630-981F-6EA3C27F2252}.Release|x86.Build.0 = Release|Any CPU
		{1999D2F2-5D02-4303-B614-7E5313F60E28}.Debug|Any CPU.ActiveCfg = Debug|Any CPU
		{1999D2F2-5D02-4303-B614-7E5313F60E28}.Debug|Any CPU.Build.0 = Debug|Any CPU
		{1999D2F2-5D02-4303-B614-7E5313F60E28}.Debug|x86.ActiveCfg = Debug|Any CPU
		{1999D2F2-5D02-4303-B614-7E5313F60E28}.Debug|x86.Build.0 = Debug|Any CPU
		{1999D2F2-5D02-4303-B614-7E5313F60E28}.Release|Any CPU.ActiveCfg = Release|Any CPU
		{1999D2F2-5D02-4303-B614-7E5313F60E28}.Release|Any CPU.Build.0 = Release|Any CPU
		{1999D2F2-5D02-4303-B614-7E5313F60E28}.Release|x86.ActiveCfg = Release|Any CPU
		{1999D2F2-5D02-4303-B614-7E5313F60E28}.Release|x86.Build.0 = Release|Any CPU
		{FAF82DB0-6863-4659-A340-DE2F5DCC1951}.Debug|Any CPU.ActiveCfg = Debug|Any CPU
		{FAF82DB0-6863-4659-A340-DE2F5DCC1951}.Debug|Any CPU.Build.0 = Debug|Any CPU
		{FAF82DB0-6863-4659-A340-DE2F5DCC1951}.Debug|x86.ActiveCfg = Debug|Any CPU
		{FAF82DB0-6863-4659-A340-DE2F5DCC1951}.Debug|x86.Build.0 = Debug|Any CPU
		{FAF82DB0-6863-4659-A340-DE2F5DCC1951}.Release|Any CPU.ActiveCfg = Release|Any CPU
		{FAF82DB0-6863-4659-A340-DE2F5DCC1951}.Release|Any CPU.Build.0 = Release|Any CPU
		{FAF82DB0-6863-4659-A340-DE2F5DCC1951}.Release|x86.ActiveCfg = Release|Any CPU
		{FAF82DB0-6863-4659-A340-DE2F5DCC1951}.Release|x86.Build.0 = Release|Any CPU
		{FA0C0B6F-4C72-490A-A0E4-00B05F17898C}.Debug|Any CPU.ActiveCfg = Debug|Any CPU
		{FA0C0B6F-4C72-490A-A0E4-00B05F17898C}.Debug|Any CPU.Build.0 = Debug|Any CPU
		{FA0C0B6F-4C72-490A-A0E4-00B05F17898C}.Debug|x86.ActiveCfg = Debug|Any CPU
		{FA0C0B6F-4C72-490A-A0E4-00B05F17898C}.Debug|x86.Build.0 = Debug|Any CPU
		{FA0C0B6F-4C72-490A-A0E4-00B05F17898C}.Release|Any CPU.ActiveCfg = Release|Any CPU
		{FA0C0B6F-4C72-490A-A0E4-00B05F17898C}.Release|Any CPU.Build.0 = Release|Any CPU
		{FA0C0B6F-4C72-490A-A0E4-00B05F17898C}.Release|x86.ActiveCfg = Release|Any CPU
		{FA0C0B6F-4C72-490A-A0E4-00B05F17898C}.Release|x86.Build.0 = Release|Any CPU
		{52467CE0-4F95-45D1-9504-9D21A8F3D6C6}.Debug|Any CPU.ActiveCfg = Debug|Any CPU
		{52467CE0-4F95-45D1-9504-9D21A8F3D6C6}.Debug|Any CPU.Build.0 = Debug|Any CPU
		{52467CE0-4F95-45D1-9504-9D21A8F3D6C6}.Debug|x86.ActiveCfg = Debug|Any CPU
		{52467CE0-4F95-45D1-9504-9D21A8F3D6C6}.Debug|x86.Build.0 = Debug|Any CPU
		{52467CE0-4F95-45D1-9504-9D21A8F3D6C6}.Release|Any CPU.ActiveCfg = Release|Any CPU
		{52467CE0-4F95-45D1-9504-9D21A8F3D6C6}.Release|Any CPU.Build.0 = Release|Any CPU
		{52467CE0-4F95-45D1-9504-9D21A8F3D6C6}.Release|x86.ActiveCfg = Release|Any CPU
		{52467CE0-4F95-45D1-9504-9D21A8F3D6C6}.Release|x86.Build.0 = Release|Any CPU
		{A1C258A5-5D94-47FF-A41C-2F8FD211EEE1}.Debug|Any CPU.ActiveCfg = Debug|Any CPU
		{A1C258A5-5D94-47FF-A41C-2F8FD211EEE1}.Debug|Any CPU.Build.0 = Debug|Any CPU
		{A1C258A5-5D94-47FF-A41C-2F8FD211EEE1}.Debug|x86.ActiveCfg = Debug|Any CPU
		{A1C258A5-5D94-47FF-A41C-2F8FD211EEE1}.Debug|x86.Build.0 = Debug|Any CPU
		{A1C258A5-5D94-47FF-A41C-2F8FD211EEE1}.Release|Any CPU.ActiveCfg = Release|Any CPU
		{A1C258A5-5D94-47FF-A41C-2F8FD211EEE1}.Release|Any CPU.Build.0 = Release|Any CPU
		{A1C258A5-5D94-47FF-A41C-2F8FD211EEE1}.Release|x86.ActiveCfg = Release|Any CPU
		{A1C258A5-5D94-47FF-A41C-2F8FD211EEE1}.Release|x86.Build.0 = Release|Any CPU
		{FB5C0E93-335B-4A36-B01A-AFB05AE76FE3}.Debug|Any CPU.ActiveCfg = Debug|Any CPU
		{FB5C0E93-335B-4A36-B01A-AFB05AE76FE3}.Debug|Any CPU.Build.0 = Debug|Any CPU
		{FB5C0E93-335B-4A36-B01A-AFB05AE76FE3}.Debug|x86.ActiveCfg = Debug|Any CPU
		{FB5C0E93-335B-4A36-B01A-AFB05AE76FE3}.Debug|x86.Build.0 = Debug|Any CPU
		{FB5C0E93-335B-4A36-B01A-AFB05AE76FE3}.Release|Any CPU.ActiveCfg = Release|Any CPU
		{FB5C0E93-335B-4A36-B01A-AFB05AE76FE3}.Release|Any CPU.Build.0 = Release|Any CPU
		{FB5C0E93-335B-4A36-B01A-AFB05AE76FE3}.Release|x86.ActiveCfg = Release|Any CPU
		{FB5C0E93-335B-4A36-B01A-AFB05AE76FE3}.Release|x86.Build.0 = Release|Any CPU
		{8A4912A9-CC14-4F47-9490-666DD10DE1CA}.Debug|Any CPU.ActiveCfg = Debug|Any CPU
		{8A4912A9-CC14-4F47-9490-666DD10DE1CA}.Debug|Any CPU.Build.0 = Debug|Any CPU
		{8A4912A9-CC14-4F47-9490-666DD10DE1CA}.Debug|x86.ActiveCfg = Debug|Any CPU
		{8A4912A9-CC14-4F47-9490-666DD10DE1CA}.Debug|x86.Build.0 = Debug|Any CPU
		{8A4912A9-CC14-4F47-9490-666DD10DE1CA}.Release|Any CPU.ActiveCfg = Release|Any CPU
		{8A4912A9-CC14-4F47-9490-666DD10DE1CA}.Release|Any CPU.Build.0 = Release|Any CPU
		{8A4912A9-CC14-4F47-9490-666DD10DE1CA}.Release|x86.ActiveCfg = Release|Any CPU
		{8A4912A9-CC14-4F47-9490-666DD10DE1CA}.Release|x86.Build.0 = Release|Any CPU
		{D977E49E-BB98-4F4D-B305-2B2ABDA85998}.Debug|Any CPU.ActiveCfg = Debug|Any CPU
		{D977E49E-BB98-4F4D-B305-2B2ABDA85998}.Debug|Any CPU.Build.0 = Debug|Any CPU
		{D977E49E-BB98-4F4D-B305-2B2ABDA85998}.Debug|x86.ActiveCfg = Debug|Any CPU
		{D977E49E-BB98-4F4D-B305-2B2ABDA85998}.Debug|x86.Build.0 = Debug|Any CPU
		{D977E49E-BB98-4F4D-B305-2B2ABDA85998}.Release|Any CPU.ActiveCfg = Release|Any CPU
		{D977E49E-BB98-4F4D-B305-2B2ABDA85998}.Release|Any CPU.Build.0 = Release|Any CPU
		{D977E49E-BB98-4F4D-B305-2B2ABDA85998}.Release|x86.ActiveCfg = Release|Any CPU
		{D977E49E-BB98-4F4D-B305-2B2ABDA85998}.Release|x86.Build.0 = Release|Any CPU
		{455F5E7D-3B34-4447-864C-5970B22555EC}.Debug|Any CPU.ActiveCfg = Debug|Any CPU
		{455F5E7D-3B34-4447-864C-5970B22555EC}.Debug|Any CPU.Build.0 = Debug|Any CPU
		{455F5E7D-3B34-4447-864C-5970B22555EC}.Debug|x86.ActiveCfg = Debug|Any CPU
		{455F5E7D-3B34-4447-864C-5970B22555EC}.Debug|x86.Build.0 = Debug|Any CPU
		{455F5E7D-3B34-4447-864C-5970B22555EC}.Release|Any CPU.ActiveCfg = Release|Any CPU
		{455F5E7D-3B34-4447-864C-5970B22555EC}.Release|Any CPU.Build.0 = Release|Any CPU
		{455F5E7D-3B34-4447-864C-5970B22555EC}.Release|x86.ActiveCfg = Release|Any CPU
		{455F5E7D-3B34-4447-864C-5970B22555EC}.Release|x86.Build.0 = Release|Any CPU
		{2F66C87C-2421-48FC-84BD-94A25073E302}.Debug|Any CPU.ActiveCfg = Debug|Any CPU
		{2F66C87C-2421-48FC-84BD-94A25073E302}.Debug|Any CPU.Build.0 = Debug|Any CPU
		{2F66C87C-2421-48FC-84BD-94A25073E302}.Debug|x86.ActiveCfg = Debug|Any CPU
		{2F66C87C-2421-48FC-84BD-94A25073E302}.Debug|x86.Build.0 = Debug|Any CPU
		{2F66C87C-2421-48FC-84BD-94A25073E302}.Release|Any CPU.ActiveCfg = Release|Any CPU
		{2F66C87C-2421-48FC-84BD-94A25073E302}.Release|Any CPU.Build.0 = Release|Any CPU
		{2F66C87C-2421-48FC-84BD-94A25073E302}.Release|x86.ActiveCfg = Release|Any CPU
		{2F66C87C-2421-48FC-84BD-94A25073E302}.Release|x86.Build.0 = Release|Any CPU
	EndGlobalSection
	GlobalSection(SolutionProperties) = preSolution
		HideSolutionNode = FALSE
	EndGlobalSection
	GlobalSection(NestedProjects) = preSolution
		{CF155806-531E-4F17-94DA-7AC511B8F8D8} = {D8DD3142-FC6A-420F-AF6F-9A794DBD85FD}
		{D4E64D2B-B57F-4E1D-BA92-063FE17B43BD} = {CF155806-531E-4F17-94DA-7AC511B8F8D8}
		{4C7C1CC2-332F-44BC-827F-8DDB73A52C88} = {D4E64D2B-B57F-4E1D-BA92-063FE17B43BD}
		{12548141-F123-4677-8672-F5B54EC80DFD} = {D4E64D2B-B57F-4E1D-BA92-063FE17B43BD}
		{305E5AAE-9053-441B-8305-A47EAE872F77} = {D8DD3142-FC6A-420F-AF6F-9A794DBD85FD}
		{A1362FF9-6B3F-4568-B7B9-133632DF0B07} = {D4E64D2B-B57F-4E1D-BA92-063FE17B43BD}
		{239DA834-5AF4-42C8-8E7C-31B49B6F82D4} = {D4E64D2B-B57F-4E1D-BA92-063FE17B43BD}
		{0AE722C3-098B-4C0C-8E84-920A6506D595} = {D4E64D2B-B57F-4E1D-BA92-063FE17B43BD}
		{89BC16B1-D4BA-492E-84CB-C93B90EC4516} = {4C7C1CC2-332F-44BC-827F-8DDB73A52C88}
		{A57E1CF4-2286-419D-A615-7C320EB5E50B} = {4C7C1CC2-332F-44BC-827F-8DDB73A52C88}
		{477A468D-C455-44E4-8DB7-A01685574DEC} = {D4E64D2B-B57F-4E1D-BA92-063FE17B43BD}
		{A2DB53DA-0539-4630-981F-6EA3C27F2252} = {305E5AAE-9053-441B-8305-A47EAE872F77}
		{1999D2F2-5D02-4303-B614-7E5313F60E28} = {D4E64D2B-B57F-4E1D-BA92-063FE17B43BD}
		{4D7A1966-B394-4E49-816F-EAB1C3903231} = {CF155806-531E-4F17-94DA-7AC511B8F8D8}
		{FAF82DB0-6863-4659-A340-DE2F5DCC1951} = {4D7A1966-B394-4E49-816F-EAB1C3903231}
		{FA0C0B6F-4C72-490A-A0E4-00B05F17898C} = {4D7A1966-B394-4E49-816F-EAB1C3903231}
		{52467CE0-4F95-45D1-9504-9D21A8F3D6C6} = {4D7A1966-B394-4E49-816F-EAB1C3903231}
		{A1C258A5-5D94-47FF-A41C-2F8FD211EEE1} = {4D7A1966-B394-4E49-816F-EAB1C3903231}
		{FB5C0E93-335B-4A36-B01A-AFB05AE76FE3} = {4D7A1966-B394-4E49-816F-EAB1C3903231}
		{8A4912A9-CC14-4F47-9490-666DD10DE1CA} = {4D7A1966-B394-4E49-816F-EAB1C3903231}
		{D977E49E-BB98-4F4D-B305-2B2ABDA85998} = {4D7A1966-B394-4E49-816F-EAB1C3903231}
		{90CEFD0D-C681-4DC7-9EF5-DE39CA4010ED} = {4D7A1966-B394-4E49-816F-EAB1C3903231}
		{455F5E7D-3B34-4447-864C-5970B22555EC} = {90CEFD0D-C681-4DC7-9EF5-DE39CA4010ED}
		{2F66C87C-2421-48FC-84BD-94A25073E302} = {90CEFD0D-C681-4DC7-9EF5-DE39CA4010ED}
	EndGlobalSection
	GlobalSection(ExtensibilityGlobals) = postSolution
		SolutionGuid = {5042CCD3-C888-46C2-8A07-BF7200F2A0F8}
	EndGlobalSection
EndGlobal
